PODS:
  - AttributedStringWrapper (1.0.2)

DEPENDENCIES:
  - AttributedStringWrapper (from `.`)

EXTERNAL SOURCES:
  AttributedStringWrapper:
    :path: .

SPEC CHECKSUMS:
  AttributedStringWrapper: b6ceaec3b0c24e7efa8076671d2fd4ed84972b0b

PODFILE CHECKSUM: 6a32f415201e8b4448b70222d662ed98efb484da

COCOAPODS: 1.3.1
