// !$*UTF8*$!
{
	archiveVersion = 1;
	classes = {
	};
	objectVersion = 46;
	objects = {

/* Begin PBXBuildFile section */
		7388CEA41EEE9FC2000C4FF5 /* AppDelegate.swift in Sources */ = {isa = PBXBuildFile; fileRef = 7388CEA31EEE9FC2000C4FF5 /* AppDelegate.swift */; };
		7388CEA61EEE9FC2000C4FF5 /* ViewController.swift in Sources */ = {isa = PBXBuildFile; fileRef = 7388CEA51EEE9FC2000C4FF5 /* ViewController.swift */; };
		7388CEA91EEE9FC2000C4FF5 /* Main.storyboard in Resources */ = {isa = PBXBuildFile; fileRef = 7388CEA71EEE9FC2000C4FF5 /* Main.storyboard */; };
		7388CEAB1EEE9FC2000C4FF5 /* Assets.xcassets in Resources */ = {isa = PBXBuildFile; fileRef = 7388CEAA1EEE9FC2000C4FF5 /* Assets.xcassets */; };
		7388CEAE1EEE9FC2000C4FF5 /* LaunchScreen.storyboard in Resources */ = {isa = PBXBuildFile; fileRef = 7388CEAC1EEE9FC2000C4FF5 /* LaunchScreen.storyboard */; };
		7388CEB91EEE9FC2000C4FF5 /* AttributedStringWrapperTests.swift in Sources */ = {isa = PBXBuildFile; fileRef = 7388CEB81EEE9FC2000C4FF5 /* AttributedStringWrapperTests.swift */; };
/* End PBXBuildFile section */

/* Begin PBXContainerItemProxy section */
		7388CEB51EEE9FC2000C4FF5 /* PBXContainerItemProxy */ = {
			isa = PBXContainerItemProxy;
			containerPortal = 7388CE981EEE9FC1000C4FF5 /* Project object */;
			proxyType = 1;
			remoteGlobalIDString = 7388CE9F1EEE9FC2000C4FF5;
			remoteInfo = AttributedStringWrapper;
		};
/* End PBXContainerItemProxy section */

/* Begin PBXFileReference section */
		7388CEA01EEE9FC2000C4FF5 /* AttributedStringWrapper.app */ = {isa = PBXFileReference; explicitFileType = wrapper.application; includeInIndex = 0; path = AttributedStringWrapper.app; sourceTree = BUILT_PRODUCTS_DIR; };
		7388CEA31EEE9FC2000C4FF5 /* AppDelegate.swift */ = {isa = PBXFileReference; lastKnownFileType = sourcecode.swift; path = AppDelegate.swift; sourceTree = "<group>"; };
		7388CEA51EEE9FC2000C4FF5 /* ViewController.swift */ = {isa = PBXFileReference; lastKnownFileType = sourcecode.swift; path = ViewController.swift; sourceTree = "<group>"; };
		7388CEA81EEE9FC2000C4FF5 /* Base */ = {isa = PBXFileReference; lastKnownFileType = file.storyboard; name = Base; path = Base.lproj/Main.storyboard; sourceTree = "<group>"; };
		7388CEAA1EEE9FC2000C4FF5 /* Assets.xcassets */ = {isa = PBXFileReference; lastKnownFileType = folder.assetcatalog; path = Assets.xcassets; sourceTree = "<group>"; };
		7388CEAD1EEE9FC2000C4FF5 /* Base */ = {isa = PBXFileReference; lastKnownFileType = file.storyboard; name = Base; path = Base.lproj/LaunchScreen.storyboard; sourceTree = "<group>"; };
		7388CEAF1EEE9FC2000C4FF5 /* Info.plist */ = {isa = PBXFileReference; lastKnownFileType = text.plist.xml; path = Info.plist; sourceTree = "<group>"; };
		7388CEB41EEE9FC2000C4FF5 /* AttributedStringWrapperTests.xctest */ = {isa = PBXFileReference; explicitFileType = wrapper.cfbundle; includeInIndex = 0; path = AttributedStringWrapperTests.xctest; sourceTree = BUILT_PRODUCTS_DIR; };
		7388CEB81EEE9FC2000C4FF5 /* AttributedStringWrapperTests.swift */ = {isa = PBXFileReference; lastKnownFileType = sourcecode.swift; path = AttributedStringWrapperTests.swift; sourceTree = "<group>"; };
		7388CEBA1EEE9FC2000C4FF5 /* Info.plist */ = {isa = PBXFileReference; lastKnownFileType = text.plist.xml; path = Info.plist; sourceTree = "<group>"; };
/* End PBXFileReference section */

/* Begin PBXFrameworksBuildPhase section */
		7388CE9D1EEE9FC2000C4FF5 /* Frameworks */ = {
			isa = PBXFrameworksBuildPhase;
			buildActionMask = 2147483647;
			files = (
			);
			runOnlyForDeploymentPostprocessing = 0;
		};
		7388CEB11EEE9FC2000C4FF5 /* Frameworks */ = {
			isa = PBXFrameworksBuildPhase;
			buildActionMask = 2147483647;
			files = (
			);
			runOnlyForDeploymentPostprocessing = 0;
		};
/* End PBXFrameworksBuildPhase section */

/* Begin PBXGroup section */
		7388CE971EEE9FC1000C4FF5 = {
			isa = PBXGroup;
			children = (
				7388CEA21EEE9FC2000C4FF5 /* AttributedStringWrapper */,
				7388CEB71EEE9FC2000C4FF5 /* AttributedStringWrapperTests */,
				7388CEA11EEE9FC2000C4FF5 /* Products */,
			);
			sourceTree = "<group>";
		};
		7388CEA11EEE9FC2000C4FF5 /* Products */ = {
			isa = PBXGroup;
			children = (
				7388CEA01EEE9FC2000C4FF5 /* AttributedStringWrapper.app */,
				7388CEB41EEE9FC2000C4FF5 /* AttributedStringWrapperTests.xctest */,
			);
			name = Products;
			sourceTree = "<group>";
		};
		7388CEA21EEE9FC2000C4FF5 /* AttributedStringWrapper */ = {
			isa = PBXGroup;
			children = (
				7388CEA31EEE9FC2000C4FF5 /* AppDelegate.swift */,
				7388CEA51EEE9FC2000C4FF5 /* ViewController.swift */,
				7388CEA71EEE9FC2000C4FF5 /* Main.storyboard */,
				7388CEAA1EEE9FC2000C4FF5 /* Assets.xcassets */,
				7388CEAC1EEE9FC2000C4FF5 /* LaunchScreen.storyboard */,
				7388CEAF1EEE9FC2000C4FF5 /* Info.plist */,
			);
			path = AttributedStringWrapper;
			sourceTree = "<group>";
		};
		7388CEB71EEE9FC2000C4FF5 /* AttributedStringWrapperTests */ = {
			isa = PBXGroup;
			children = (
				7388CEB81EEE9FC2000C4FF5 /* AttributedStringWrapperTests.swift */,
				7388CEBA1EEE9FC2000C4FF5 /* Info.plist */,
			);
			path = AttributedStringWrapperTests;
			sourceTree = "<group>";
		};
/* End PBXGroup section */

/* Begin PBXNativeTarget section */
		7388CE9F1EEE9FC2000C4FF5 /* AttributedStringWrapper */ = {
			isa = PBXNativeTarget;
			buildConfigurationList = 7388CEBD1EEE9FC2000C4FF5 /* Build configuration list for PBXNativeTarget "AttributedStringWrapper" */;
			buildPhases = (
				7388CE9C1EEE9FC2000C4FF5 /* Sources */,
				7388CE9D1EEE9FC2000C4FF5 /* Frameworks */,
				7388CE9E1EEE9FC2000C4FF5 /* Resources */,
			);
			buildRules = (
			);
			dependencies = (
			);
			name = AttributedStringWrapper;
			productName = AttributedStringWrapper;
			productReference = 7388CEA01EEE9FC2000C4FF5 /* AttributedStringWrapper.app */;
			productType = "com.apple.product-type.application";
		};
		7388CEB31EEE9FC2000C4FF5 /* AttributedStringWrapperTests */ = {
			isa = PBXNativeTarget;
			buildConfigurationList = 7388CEC01EEE9FC2000C4FF5 /* Build configuration list for PBXNativeTarget "AttributedStringWrapperTests" */;
			buildPhases = (
				7388CEB01EEE9FC2000C4FF5 /* Sources */,
				7388CEB11EEE9FC2000C4FF5 /* Frameworks */,
				7388CEB21EEE9FC2000C4FF5 /* Resources */,
			);
			buildRules = (
			);
			dependencies = (
				7388CEB61EEE9FC2000C4FF5 /* PBXTargetDependency */,
			);
			name = AttributedStringWrapperTests;
			productName = AttributedStringWrapperTests;
			productReference = 7388CEB41EEE9FC2000C4FF5 /* AttributedStringWrapperTests.xctest */;
			productType = "com.apple.product-type.bundle.unit-test";
		};
/* End PBXNativeTarget section */

/* Begin PBXProject section */
		7388CE981EEE9FC1000C4FF5 /* Project object */ = {
			isa = PBXProject;
			attributes = {
				LastSwiftUpdateCheck = 0830;
				LastUpgradeCheck = 0830;
				ORGANIZATIONNAME = Loopeer;
				TargetAttributes = {
					7388CE9F1EEE9FC2000C4FF5 = {
						CreatedOnToolsVersion = 8.3.2;
						DevelopmentTeam = VS86A5N9W7;
						ProvisioningStyle = Automatic;
					};
					7388CEB31EEE9FC2000C4FF5 = {
						CreatedOnToolsVersion = 8.3.2;
						DevelopmentTeam = VS86A5N9W7;
						ProvisioningStyle = Automatic;
						TestTargetID = 7388CE9F1EEE9FC2000C4FF5;
					};
				};
			};
			buildConfigurationList = 7388CE9B1EEE9FC1000C4FF5 /* Build configuration list for PBXProject "AttributedStringWrapper" */;
			compatibilityVersion = "Xcode 3.2";
			developmentRegion = English;
			hasScannedForEncodings = 0;
			knownRegions = (
				en,
				Base,
			);
			mainGroup = 7388CE971EEE9FC1000C4FF5;
			productRefGroup = 7388CEA11EEE9FC2000C4FF5 /* Products */;
			projectDirPath = "";
			projectRoot = "";
			targets = (
				7388CE9F1EEE9FC2000C4FF5 /* AttributedStringWrapper */,
				7388CEB31EEE9FC2000C4FF5 /* AttributedStringWrapperTests */,
			);
		};
/* End PBXProject section */

/* Begin PBXResourcesBuildPhase section */
		7388CE9E1EEE9FC2000C4FF5 /* Resources */ = {
			isa = PBXResourcesBuildPhase;
			buildActionMask = 2147483647;
			files = (
				7388CEAE1EEE9FC2000C4FF5 /* LaunchScreen.storyboard in Resources */,
				7388CEAB1EEE9FC2000C4FF5 /* Assets.xcassets in Resources */,
				7388CEA91EEE9FC2000C4FF5 /* Main.storyboard in Resources */,
			);
			runOnlyForDeploymentPostprocessing = 0;
		};
		7388CEB21EEE9FC2000C4FF5 /* Resources */ = {
			isa = PBXResourcesBuildPhase;
			buildActionMask = 2147483647;
			files = (
			);
			runOnlyForDeploymentPostprocessing = 0;
		};
/* End PBXResourcesBuildPhase section */

/* Begin PBXSourcesBuildPhase section */
		7388CE9C1EEE9FC2000C4FF5 /* Sources */ = {
			isa = PBXSourcesBuildPhase;
			buildActionMask = 2147483647;
			files = (
				7388CEA61EEE9FC2000C4FF5 /* ViewController.swift in Sources */,
				7388CEA41EEE9FC2000C4FF5 /* AppDelegate.swift in Sources */,
			);
			runOnlyForDeploymentPostprocessing = 0;
		};
		7388CEB01EEE9FC2000C4FF5 /* Sources */ = {
			isa = PBXSourcesBuildPhase;
			buildActionMask = 2147483647;
			files = (
				7388CEB91EEE9FC2000C4FF5 /* AttributedStringWrapperTests.swift in Sources */,
			);
			runOnlyForDeploymentPostprocessing = 0;
		};
/* End PBXSourcesBuildPhase section */

/* Begin PBXTargetDependency section */
		7388CEB61EEE9FC2000C4FF5 /* PBXTargetDependency */ = {
			isa = PBXTargetDependency;
			target = 7388CE9F1EEE9FC2000C4FF5 /* AttributedStringWrapper */;
			targetProxy = 7388CEB51EEE9FC2000C4FF5 /* PBXContainerItemProxy */;
		};
/* End PBXTargetDependency section */

/* Begin PBXVariantGroup section */
		7388CEA71EEE9FC2000C4FF5 /* Main.storyboard */ = {
			isa = PBXVariantGroup;
			children = (
				7388CEA81EEE9FC2000C4FF5 /* Base */,
			);
			name = Main.storyboard;
			sourceTree = "<group>";
		};
		7388CEAC1EEE9FC2000C4FF5 /* LaunchScreen.storyboard */ = {
			isa = PBXVariantGroup;
			children = (
				7388CEAD1EEE9FC2000C4FF5 /* Base */,
			);
			name = LaunchScreen.storyboard;
			sourceTree = "<group>";
		};
/* End PBXVariantGroup section */

/* Begin XCBuildConfiguration section */
		7388CEBB1EEE9FC2000C4FF5 /* Debug */ = {
			isa = XCBuildConfiguration;
			buildSettings = {
				ALWAYS_SEARCH_USER_PATHS = NO;
				CLANG_ANALYZER_NONNULL = YES;
				CLANG_ANALYZER_NUMBER_OBJECT_CONVERSION = YES_AGGRESSIVE;
				CLANG_CXX_LANGUAGE_STANDARD = "gnu++0x";
				CLANG_CXX_LIBRARY = "libc++";
				CLANG_ENABLE_MODULES = YES;
				CLANG_ENABLE_OBJC_ARC = YES;
				CLANG_WARN_BOOL_CONVERSION = YES;
				CLANG_WARN_CONSTANT_CONVERSION = YES;
				CLANG_WARN_DIRECT_OBJC_ISA_USAGE = YES_ERROR;
				CLANG_WARN_DOCUMENTATION_COMMENTS = YES;
				CLANG_WARN_EMPTY_BODY = YES;
				CLANG_WARN_ENUM_CONVERSION = YES;
				CLANG_WARN_INFINITE_RECURSION = YES;
				CLANG_WARN_INT_CONVERSION = YES;
				CLANG_WARN_OBJC_ROOT_CLASS = YES_ERROR;
				CLANG_WARN_SUSPICIOUS_MOVE = YES;
				CLANG_WARN_UNREACHABLE_CODE = YES;
				CLANG_WARN__DUPLICATE_METHOD_MATCH = YES;
				"CODE_SIGN_IDENTITY[sdk=iphoneos*]" = "iPhone Developer";
				COPY_PHASE_STRIP = NO;
				DEBUG_INFORMATION_FORMAT = dwarf;
				ENABLE_STRICT_OBJC_MSGSEND = YES;
				ENABLE_TESTABILITY = YES;
				GCC_C_LANGUAGE_STANDARD = gnu99;
				GCC_DYNAMIC_NO_PIC = NO;
				GCC_NO_COMMON_BLOCKS = YES;
				GCC_OPTIMIZATION_LEVEL = 0;
				GCC_PREPROCESSOR_DEFINITIONS = (
					"DEBUG=1",
					"$(inherited)",
				);
				GCC_WARN_64_TO_32_BIT_CONVERSION = YES;
				GCC_WARN_ABOUT_RETURN_TYPE = YES_ERROR;
				GCC_WARN_UNDECLARED_SELECTOR = YES;
				GCC_WARN_UNINITIALIZED_AUTOS = YES_AGGRESSIVE;
				GCC_WARN_UNUSED_FUNCTION = YES;
				GCC_WARN_UNUSED_VARIABLE = YES;
				IPHONEOS_DEPLOYMENT_TARGET = 10.3;
				MTL_ENABLE_DEBUG_INFO = YES;
				ONLY_ACTIVE_ARCH = YES;
				SDKROOT = iphoneos;
				SWIFT_ACTIVE_COMPILATION_CONDITIONS = DEBUG;
				SWIFT_OPTIMIZATION_LEVEL = "-Onone";
			};
			name = Debug;
		};
		7388CEBC1EEE9FC2000C4FF5 /* Release */ = {
			isa = XCBuildConfiguration;
			buildSettings = {
				ALWAYS_SEARCH_USER_PATHS = NO;
				CLANG_ANALYZER_NONNULL = YES;
				CLANG_ANALYZER_NUMBER_OBJECT_CONVERSION = YES_AGGRESSIVE;
				CLANG_CXX_LANGUAGE_STANDARD = "gnu++0x";
				CLANG_CXX_LIBRARY = "libc++";
				CLANG_ENABLE_MODULES = YES;
				CLANG_ENABLE_OBJC_ARC = YES;
				CLANG_WARN_BOOL_CONVERSION = YES;
				CLANG_WARN_CONSTANT_CONVERSION = YES;
				CLANG_WARN_DIRECT_OBJC_ISA_USAGE = YES_ERROR;
				CLANG_WARN_DOCUMENTATION_COMMENTS = YES;
				CLANG_WARN_EMPTY_BODY = YES;
				CLANG_WARN_ENUM_CONVERSION = YES;
				CLANG_WARN_INFINITE_RECURSION = YES;
				CLANG_WARN_INT_CONVERSION = YES;
				CLANG_WARN_OBJC_ROOT_CLASS = YES_ERROR;
				CLANG_WARN_SUSPICIOUS_MOVE = YES;
				CLANG_WARN_UNREACHABLE_CODE = YES;
				CLANG_WARN__DUPLICATE_METHOD_MATCH = YES;
				"CODE_SIGN_IDENTITY[sdk=iphoneos*]" = "iPhone Developer";
				COPY_PHASE_STRIP = NO;
				DEBUG_INFORMATION_FORMAT = "dwarf-with-dsym";
				ENABLE_NS_ASSERTIONS = NO;
				ENABLE_STRICT_OBJC_MSGSEND = YES;
				GCC_C_LANGUAGE_STANDARD = gnu99;
				GCC_NO_COMMON_BLOCKS = YES;
				GCC_WARN_64_TO_32_BIT_CONVERSION = YES;
				GCC_WARN_ABOUT_RETURN_TYPE = YES_ERROR;
				GCC_WARN_UNDECLARED_SELECTOR = YES;
				GCC_WARN_UNINITIALIZED_AUTOS = YES_AGGRESSIVE;
				GCC_WARN_UNUSED_FUNCTION = YES;
				GCC_WARN_UNUSED_VARIABLE = YES;
				IPHONEOS_DEPLOYMENT_TARGET = 10.3;
				MTL_ENABLE_DEBUG_INFO = NO;
				SDKROOT = iphoneos;
				SWIFT_OPTIMIZATION_LEVEL = "-Owholemodule";
				VALIDATE_PRODUCT = YES;
			};
			name = Release;
		};
		7388CEBE1EEE9FC2000C4FF5 /* Debug */ = {
			isa = XCBuildConfiguration;
			buildSettings = {
				ASSETCATALOG_COMPILER_APPICON_NAME = AppIcon;
				DEVELOPMENT_TEAM = VS86A5N9W7;
				INFOPLIST_FILE = AttributedStringWrapper/Info.plist;
				LD_RUNPATH_SEARCH_PATHS = "$(inherited) @executable_path/Frameworks";
				PRODUCT_BUNDLE_IDENTIFIER = Loopeer.AttributedStringWrapper;
				PRODUCT_NAME = "$(TARGET_NAME)";
				SWIFT_VERSION = 3.0;
			};
			name = Debug;
		};
		7388CEBF1EEE9FC2000C4FF5 /* Release */ = {
			isa = XCBuildConfiguration;
			buildSettings = {
				ASSETCATALOG_COMPILER_APPICON_NAME = AppIcon;
				DEVELOPMENT_TEAM = VS86A5N9W7;
				INFOPLIST_FILE = AttributedStringWrapper/Info.plist;
				LD_RUNPATH_SEARCH_PATHS = "$(inherited) @executable_path/Frameworks";
				PRODUCT_BUNDLE_IDENTIFIER = Loopeer.AttributedStringWrapper;
				PRODUCT_NAME = "$(TARGET_NAME)";
				SWIFT_VERSION = 3.0;
			};
			name = Release;
		};
		7388CEC11EEE9FC2000C4FF5 /* Debug */ = {
			isa = XCBuildConfiguration;
			buildSettings = {
				ALWAYS_EMBED_SWIFT_STANDARD_LIBRARIES = YES;
				BUNDLE_LOADER = "$(TEST_HOST)";
				DEVELOPMENT_TEAM = VS86A5N9W7;
				INFOPLIST_FILE = AttributedStringWrapperTests/Info.plist;
				LD_RUNPATH_SEARCH_PATHS = "$(inherited) @executable_path/Frameworks @loader_path/Frameworks";
				PRODUCT_BUNDLE_IDENTIFIER = Loopeer.AttributedStringWrapperTests;
				PRODUCT_NAME = "$(TARGET_NAME)";
				SWIFT_VERSION = 3.0;
				TEST_HOST = "$(BUILT_PRODUCTS_DIR)/AttributedStringWrapper.app/AttributedStringWrapper";
			};
			name = Debug;
		};
		7388CEC21EEE9FC2000C4FF5 /* Release */ = {
			isa = XCBuildConfiguration;
			buildSettings = {
				ALWAYS_EMBED_SWIFT_STANDARD_LIBRARIES = YES;
				BUNDLE_LOADER = "$(TEST_HOST)";
				DEVELOPMENT_TEAM = VS86A5N9W7;
				INFOPLIST_FILE = AttributedStringWrapperTests/Info.plist;
				LD_RUNPATH_SEARCH_PATHS = "$(inherited) @executable_path/Frameworks @loader_path/Frameworks";
				PRODUCT_BUNDLE_IDENTIFIER = Loopeer.AttributedStringWrapperTests;
				PRODUCT_NAME = "$(TARGET_NAME)";
				SWIFT_VERSION = 3.0;
				TEST_HOST = "$(BUILT_PRODUCTS_DIR)/AttributedStringWrapper.app/AttributedStringWrapper";
			};
			name = Release;
		};
/* End XCBuildConfiguration section */

/* Begin XCConfigurationList section */
		7388CE9B1EEE9FC1000C4FF5 /* Build configuration list for PBXProject "AttributedStringWrapper" */ = {
			isa = XCConfigurationList;
			buildConfigurations = (
				7388CEBB1EEE9FC2000C4FF5 /* Debug */,
				7388CEBC1EEE9FC2000C4FF5 /* Release */,
			);
			defaultConfigurationIsVisible = 0;
			defaultConfigurationName = Release;
		};
		7388CEBD1EEE9FC2000C4FF5 /* Build configuration list for PBXNativeTarget "AttributedStringWrapper" */ = {
			isa = XCConfigurationList;
			buildConfigurations = (
				7388CEBE1EEE9FC2000C4FF5 /* Debug */,
				7388CEBF1EEE9FC2000C4FF5 /* Release */,
			);
			defaultConfigurationIsVisible = 0;
		};
		7388CEC01EEE9FC2000C4FF5 /* Build configuration list for PBXNativeTarget "AttributedStringWrapperTests" */ = {
			isa = XCConfigurationList;
			buildConfigurations = (
				7388CEC11EEE9FC2000C4FF5 /* Debug */,
				7388CEC21EEE9FC2000C4FF5 /* Release */,
			);
			defaultConfigurationIsVisible = 0;
		};
/* End XCConfigurationList section */
	};
	rootObject = 7388CE981EEE9FC1000C4FF5 /* Project object */;
}
